
Microsoft Visual Studio Solution File, Format Version 12.00
# Visual Studio Version 16
VisualStudioVersion = 16.0.29306.81
MinimumVisualStudioVersion = 10.0.40219.1
Project("{8BC9CEB8-8B4A-11D0-8D11-00A0C91BC942}") = "delete2", "delete2.vcxproj", "{FAC1405F-202B-45BF-88C6-12971D156E11}"
EndProject
Global
	GlobalSection(SolutionConfigurationPlatforms) = preSolution
		Debug|x64 = Debug|x64
		Debug|x86 = Debug|x86
		Release|x64 = Release|x64
		Release|x86 = Release|x86
	EndGlobalSection
	GlobalSection(ProjectConfigurationPlatforms) = postSolution
		{FAC1405F-202B-45BF-88C6-12971D156E11}.Debug|x64.ActiveCfg = Debug|x64
		{FAC1405F-202B-45BF-88C6-12971D156E11}.Debug|x64.Build.0 = Debug|x64
		{FAC1405F-202B-45BF-88C6-12971D156E11}.Debug|x86.ActiveCfg = Debug|Win32
		{FAC1405F-202B-45BF-88C6-12971D156E11}.Debug|x86.Build.0 = Debug|Win32
		{FAC1405F-202B-45BF-88C6-12971D156E11}.Release|x64.ActiveCfg = Release|x64
		{FAC1405F-202B-45BF-88C6-12971D156E11}.Release|x64.Build.0 = Release|x64
		{FAC1405F-202B-45BF-88C6-12971D156E11}.Release|x86.ActiveCfg = Release|Win32
		{FAC1405F-202B-45BF-88C6-12971D156E11}.Release|x86.Build.0 = Release|Win32
	EndGlobalSection
	GlobalSection(SolutionProperties) = preSolution
		HideSolutionNode = FALSE
	EndGlobalSection
	GlobalSection(ExtensibilityGlobals) = postSolution
		SolutionGuid = {468962CB-1038-4BB6-834A-498214B49E19}
	EndGlobalSection
EndGlobal
